
Microsoft Visual Studio Solution File, Format Version 12.00
Project("{FAE04EC0-301F-11D3-BF4B-00C04F79EFBC}") = "BusinessECart.Contracts", "BusinessECart.Contracts\BusinessECart.Contracts.csproj", "{E0F3B0E5-0A34-46F8-8645-CF5BC5F7CDCA}"
EndProject
Project("{FAE04EC0-301F-11D3-BF4B-00C04F79EFBC}") = "BusinessECart.App", "BusinessECart.App\BusinessECart.App.csproj", "{986D2807-2935-4E49-AF1C-AFACB7C91E2E}"
EndProject
Project("{2150E333-8FDC-42A3-9474-1A3956D46DE8}") = "src", "src", "{D0F93119-8B28-4F59-BFF1-F9BEEF206888}"
EndProject
Project("{2150E333-8FDC-42A3-9474-1A3956D46DE8}") = "00.Packges", "00.Packges", "{24FC3700-B5E2-4516-BC89-34F52F98307C}"
EndProject
Project("{2150E333-8FDC-42A3-9474-1A3956D46DE8}") = "01.Core", "01.Core", "{CA795683-6250-43AA-B641-A8792A635BFB}"
EndProject
Project("{2150E333-8FDC-42A3-9474-1A3956D46DE8}") = "02.Infrastructure", "02.Infrastructure", "{D9B51CD6-30BA-4E33-AF1C-14A4F8154166}"
EndProject
Project("{2150E333-8FDC-42A3-9474-1A3956D46DE8}") = "03.Presentation", "03.Presentation", "{38F93577-D235-41BC-8AD2-3EC806E929BC}"
EndProject
Project("{FAE04EC0-301F-11D3-BF4B-00C04F79EFBC}") = "BusinessECart.Entities", "BusinessECart.Entities\BusinessECart.Entities.csproj", "{56E5937B-C802-4581-9348-4A1C1FACE0C1}"
EndProject
Project("{FAE04EC0-301F-11D3-BF4B-00C04F79EFBC}") = "BusinessECart.Service", "BusinessECart.Service\BusinessECart.Service.csproj", "{5E8A49E9-2681-4E42-A61C-6D92E58EBA88}"
EndProject
Project("{FAE04EC0-301F-11D3-BF4B-00C04F79EFBC}") = "BusinessECart.Infrastructure", "BusinessECart.Infrastructure\BusinessECart.Infrastructure.csproj", "{3708BDF2-A6F3-4F47-9EB0-FA95E9A9B6F8}"
EndProject
Project("{FAE04EC0-301F-11D3-BF4B-00C04F79EFBC}") = "BusinessECart.Persistence.EF", "BusinessECart.Persistence.EF\BusinessECart.Persistence.EF.csproj", "{C183330A-B067-4077-B1D1-C4EF101A3B5A}"
EndProject
Project("{FAE04EC0-301F-11D3-BF4B-00C04F79EFBC}") = "BusinessECart.Migrations", "BusinessECart.Migrations\BusinessECart.Migrations.csproj", "{B0B3FFF3-3DCB-4DB7-9D6C-BECF8585E39F}"
EndProject
Project("{FAE04EC0-301F-11D3-BF4B-00C04F79EFBC}") = "BusinessECart.RestApi", "BusinessECart.RestApi\BusinessECart.RestApi.csproj", "{BEE6DF77-E451-4AA2-AB8C-1DB39190F9DB}"
EndProject
Global
	GlobalSection(SolutionConfigurationPlatforms) = preSolution
		Debug|Any CPU = Debug|Any CPU
		Release|Any CPU = Release|Any CPU
	EndGlobalSection
	GlobalSection(ProjectConfigurationPlatforms) = postSolution
		{E0F3B0E5-0A34-46F8-8645-CF5BC5F7CDCA}.Debug|Any CPU.ActiveCfg = Debug|Any CPU
		{E0F3B0E5-0A34-46F8-8645-CF5BC5F7CDCA}.Debug|Any CPU.Build.0 = Debug|Any CPU
		{E0F3B0E5-0A34-46F8-8645-CF5BC5F7CDCA}.Release|Any CPU.ActiveCfg = Release|Any CPU
		{E0F3B0E5-0A34-46F8-8645-CF5BC5F7CDCA}.Release|Any CPU.Build.0 = Release|Any CPU
		{986D2807-2935-4E49-AF1C-AFACB7C91E2E}.Debug|Any CPU.ActiveCfg = Debug|Any CPU
		{986D2807-2935-4E49-AF1C-AFACB7C91E2E}.Debug|Any CPU.Build.0 = Debug|Any CPU
		{986D2807-2935-4E49-AF1C-AFACB7C91E2E}.Release|Any CPU.ActiveCfg = Release|Any CPU
		{986D2807-2935-4E49-AF1C-AFACB7C91E2E}.Release|Any CPU.Build.0 = Release|Any CPU
		{56E5937B-C802-4581-9348-4A1C1FACE0C1}.Debug|Any CPU.ActiveCfg = Debug|Any CPU
		{56E5937B-C802-4581-9348-4A1C1FACE0C1}.Debug|Any CPU.Build.0 = Debug|Any CPU
		{56E5937B-C802-4581-9348-4A1C1FACE0C1}.Release|Any CPU.ActiveCfg = Release|Any CPU
		{56E5937B-C802-4581-9348-4A1C1FACE0C1}.Release|Any CPU.Build.0 = Release|Any CPU
		{5E8A49E9-2681-4E42-A61C-6D92E58EBA88}.Debug|Any CPU.ActiveCfg = Debug|Any CPU
		{5E8A49E9-2681-4E42-A61C-6D92E58EBA88}.Debug|Any CPU.Build.0 = Debug|Any CPU
		{5E8A49E9-2681-4E42-A61C-6D92E58EBA88}.Release|Any CPU.ActiveCfg = Release|Any CPU
		{5E8A49E9-2681-4E42-A61C-6D92E58EBA88}.Release|Any CPU.Build.0 = Release|Any CPU
		{3708BDF2-A6F3-4F47-9EB0-FA95E9A9B6F8}.Debug|Any CPU.ActiveCfg = Debug|Any CPU
		{3708BDF2-A6F3-4F47-9EB0-FA95E9A9B6F8}.Debug|Any CPU.Build.0 = Debug|Any CPU
		{3708BDF2-A6F3-4F47-9EB0-FA95E9A9B6F8}.Release|Any CPU.ActiveCfg = Release|Any CPU
		{3708BDF2-A6F3-4F47-9EB0-FA95E9A9B6F8}.Release|Any CPU.Build.0 = Release|Any CPU
		{C183330A-B067-4077-B1D1-C4EF101A3B5A}.Debug|Any CPU.ActiveCfg = Debug|Any CPU
		{C183330A-B067-4077-B1D1-C4EF101A3B5A}.Debug|Any CPU.Build.0 = Debug|Any CPU
		{C183330A-B067-4077-B1D1-C4EF101A3B5A}.Release|Any CPU.ActiveCfg = Release|Any CPU
		{C183330A-B067-4077-B1D1-C4EF101A3B5A}.Release|Any CPU.Build.0 = Release|Any CPU
		{B0B3FFF3-3DCB-4DB7-9D6C-BECF8585E39F}.Debug|Any CPU.ActiveCfg = Debug|Any CPU
		{B0B3FFF3-3DCB-4DB7-9D6C-BECF8585E39F}.Debug|Any CPU.Build.0 = Debug|Any CPU
		{B0B3FFF3-3DCB-4DB7-9D6C-BECF8585E39F}.Release|Any CPU.ActiveCfg = Release|Any CPU
		{B0B3FFF3-3DCB-4DB7-9D6C-BECF8585E39F}.Release|Any CPU.Build.0 = Release|Any CPU
		{BEE6DF77-E451-4AA2-AB8C-1DB39190F9DB}.Debug|Any CPU.ActiveCfg = Debug|Any CPU
		{BEE6DF77-E451-4AA2-AB8C-1DB39190F9DB}.Debug|Any CPU.Build.0 = Debug|Any CPU
		{BEE6DF77-E451-4AA2-AB8C-1DB39190F9DB}.Release|Any CPU.ActiveCfg = Release|Any CPU
		{BEE6DF77-E451-4AA2-AB8C-1DB39190F9DB}.Release|Any CPU.Build.0 = Release|Any CPU
	EndGlobalSection
	GlobalSection(NestedProjects) = preSolution
		{24FC3700-B5E2-4516-BC89-34F52F98307C} = {D0F93119-8B28-4F59-BFF1-F9BEEF206888}
		{E0F3B0E5-0A34-46F8-8645-CF5BC5F7CDCA} = {24FC3700-B5E2-4516-BC89-34F52F98307C}
		{CA795683-6250-43AA-B641-A8792A635BFB} = {D0F93119-8B28-4F59-BFF1-F9BEEF206888}
		{D9B51CD6-30BA-4E33-AF1C-14A4F8154166} = {D0F93119-8B28-4F59-BFF1-F9BEEF206888}
		{38F93577-D235-41BC-8AD2-3EC806E929BC} = {D0F93119-8B28-4F59-BFF1-F9BEEF206888}
		{986D2807-2935-4E49-AF1C-AFACB7C91E2E} = {CA795683-6250-43AA-B641-A8792A635BFB}
		{56E5937B-C802-4581-9348-4A1C1FACE0C1} = {CA795683-6250-43AA-B641-A8792A635BFB}
		{5E8A49E9-2681-4E42-A61C-6D92E58EBA88} = {CA795683-6250-43AA-B641-A8792A635BFB}
		{3708BDF2-A6F3-4F47-9EB0-FA95E9A9B6F8} = {D9B51CD6-30BA-4E33-AF1C-14A4F8154166}
		{C183330A-B067-4077-B1D1-C4EF101A3B5A} = {D9B51CD6-30BA-4E33-AF1C-14A4F8154166}
		{B0B3FFF3-3DCB-4DB7-9D6C-BECF8585E39F} = {D9B51CD6-30BA-4E33-AF1C-14A4F8154166}
		{BEE6DF77-E451-4AA2-AB8C-1DB39190F9DB} = {38F93577-D235-41BC-8AD2-3EC806E929BC}
	EndGlobalSection
EndGlobal
